
Microsoft Visual Studio Solution File, Format Version 12.00
# Visual Studio Version 17
VisualStudioVersion = 17.9.34728.123
MinimumVisualStudioVersion = 10.0.40219.1
Project("{FAE04EC0-301F-11D3-BF4B-00C04F79EFBC}") = "FUNews", "FUNews\FUNews.csproj", "{622EEF32-F082-4D8B-A0A0-F5AB47D62E08}"
EndProject
Project("{FAE04EC0-301F-11D3-BF4B-00C04F79EFBC}") = "FUNews.DAL", "FUNews.DAL\FUNews.DAL.csproj", "{0C818F08-B519-4C1B-9D03-3F219DDE68CA}"
EndProject
Project("{FAE04EC0-301F-11D3-BF4B-00C04F79EFBC}") = "FUNews.BLL", "FUNews.BLL\FUNews.BLL.csproj", "{56941417-77A6-44B1-8C4A-A861D4FE1023}"
EndProject
Global
	GlobalSection(SolutionConfigurationPlatforms) = preSolution
		Debug|Any CPU = Debug|Any CPU
		Release|Any CPU = Release|Any CPU
	EndGlobalSection
	GlobalSection(ProjectConfigurationPlatforms) = postSolution
		{622EEF32-F082-4D8B-A0A0-F5AB47D62E08}.Debug|Any CPU.ActiveCfg = Debug|Any CPU
		{622EEF32-F082-4D8B-A0A0-F5AB47D62E08}.Debug|Any CPU.Build.0 = Debug|Any CPU
		{622EEF32-F082-4D8B-A0A0-F5AB47D62E08}.Release|Any CPU.ActiveCfg = Release|Any CPU
		{622EEF32-F082-4D8B-A0A0-F5AB47D62E08}.Release|Any CPU.Build.0 = Release|Any CPU
		{0C818F08-B519-4C1B-9D03-3F219DDE68CA}.Debug|Any CPU.ActiveCfg = Debug|Any CPU
		{0C818F08-B519-4C1B-9D03-3F219DDE68CA}.Debug|Any CPU.Build.0 = Debug|Any CPU
		{0C818F08-B519-4C1B-9D03-3F219DDE68CA}.Release|Any CPU.ActiveCfg = Release|Any CPU
		{0C818F08-B519-4C1B-9D03-3F219DDE68CA}.Release|Any CPU.Build.0 = Release|Any CPU
		{56941417-77A6-44B1-8C4A-A861D4FE1023}.Debug|Any CPU.ActiveCfg = Debug|Any CPU
		{56941417-77A6-44B1-8C4A-A861D4FE1023}.Debug|Any CPU.Build.0 = Debug|Any CPU
		{56941417-77A6-44B1-8C4A-A861D4FE1023}.Release|Any CPU.ActiveCfg = Release|Any CPU
		{56941417-77A6-44B1-8C4A-A861D4FE1023}.Release|Any CPU.Build.0 = Release|Any CPU
	EndGlobalSection
	GlobalSection(SolutionProperties) = preSolution
		HideSolutionNode = FALSE
	EndGlobalSection
	GlobalSection(ExtensibilityGlobals) = postSolution
		SolutionGuid = {C5495B51-D16F-4DC7-A8D5-CA868B5FAD34}
	EndGlobalSection
EndGlobal
